
Microsoft Visual Studio Solution File, Format Version 12.00
# Visual Studio Version 16
VisualStudioVersion = 16.0.31702.278
MinimumVisualStudioVersion = 10.0.40219.1
Project("{8BC9CEB8-8B4A-11D0-8D11-00A0C91BC942}") = "gitdemo2", "gitdemo2.vcxproj", "{4C4D13E6-71F2-4E7E-81AB-8CDA626B6F2E}"
EndProject
Global
	GlobalSection(SolutionConfigurationPlatforms) = preSolution
		Debug|x64 = Debug|x64
		Debug|x86 = Debug|x86
		Release|x64 = Release|x64
		Release|x86 = Release|x86
	EndGlobalSection
	GlobalSection(ProjectConfigurationPlatforms) = postSolution
		{4C4D13E6-71F2-4E7E-81AB-8CDA626B6F2E}.Debug|x64.ActiveCfg = Debug|x64
		{4C4D13E6-71F2-4E7E-81AB-8CDA626B6F2E}.Debug|x64.Build.0 = Debug|x64
		{4C4D13E6-71F2-4E7E-81AB-8CDA626B6F2E}.Debug|x86.ActiveCfg = Debug|Win32
		{4C4D13E6-71F2-4E7E-81AB-8CDA626B6F2E}.Debug|x86.Build.0 = Debug|Win32
		{4C4D13E6-71F2-4E7E-81AB-8CDA626B6F2E}.Release|x64.ActiveCfg = Release|x64
		{4C4D13E6-71F2-4E7E-81AB-8CDA626B6F2E}.Release|x64.Build.0 = Release|x64
		{4C4D13E6-71F2-4E7E-81AB-8CDA626B6F2E}.Release|x86.ActiveCfg = Release|Win32
		{4C4D13E6-71F2-4E7E-81AB-8CDA626B6F2E}.Release|x86.Build.0 = Release|Win32
	EndGlobalSection
	GlobalSection(SolutionProperties) = preSolution
		HideSolutionNode = FALSE
	EndGlobalSection
	GlobalSection(ExtensibilityGlobals) = postSolution
		SolutionGuid = {74B0F3DD-9AEC-4A21-92D5-35FF08AC365B}
	EndGlobalSection
EndGlobal
